
Microsoft Visual Studio Solution File, Format Version 12.00
# Visual Studio Version 17
VisualStudioVersion = 17.1.32210.238
MinimumVisualStudioVersion = 10.0.40219.1
Project("{FAE04EC0-301F-11D3-BF4B-00C04F79EFBC}") = "ConsoleApp1", "ConsoleApp1\ConsoleApp1.csproj", "{329AE79F-0E31-49AF-AEED-B812AC9EB99B}"
EndProject
Project("{9A19103F-16F7-4668-BE54-9A1E7A4F7556}") = "Lesson2", "Lesson2\Lesson2.csproj", "{8C8963A0-6D12-4720-9C0E-71B840436A77}"
EndProject
Project("{9A19103F-16F7-4668-BE54-9A1E7A4F7556}") = "Lesson3", "Lesson3\Lesson3.csproj", "{CBAFDED0-22B1-4ED3-92CB-9F2A380D635E}"
EndProject
Project("{9A19103F-16F7-4668-BE54-9A1E7A4F7556}") = "Lesson4", "Lesson4\Lesson4.csproj", "{6242F210-C8D6-45F7-A7AC-9E46FA6A9B09}"
EndProject
Project("{9A19103F-16F7-4668-BE54-9A1E7A4F7556}") = "Lesson5", "Lesson5\Lesson5.csproj", "{C39CEF61-9F0B-4D29-8C82-1AD4DA8DB14E}"
EndProject
Project("{9A19103F-16F7-4668-BE54-9A1E7A4F7556}") = "Lesson6", "Lesson6\Lesson6.csproj", "{6D46C58F-AE34-4555-AE55-4EDD44CF6A82}"
EndProject
Project("{9A19103F-16F7-4668-BE54-9A1E7A4F7556}") = "Lesson7", "Lesson7\Lesson7.csproj", "{82FB7F93-847A-490D-AA47-3A94F51776FB}"
EndProject
Project("{9A19103F-16F7-4668-BE54-9A1E7A4F7556}") = "Lesson8", "Lesson8\Lesson8.csproj", "{BD720BCA-A2A6-4CBD-A7FA-153D0843AFA6}"
EndProject
Project("{FAE04EC0-301F-11D3-BF4B-00C04F79EFBC}") = "Lesson9", "Lesson9\Lesson9.csproj", "{70D8FB09-79AB-46E3-8B3C-D2034286BB80}"
EndProject
Global
	GlobalSection(SolutionConfigurationPlatforms) = preSolution
		Debug|Any CPU = Debug|Any CPU
		Release|Any CPU = Release|Any CPU
	EndGlobalSection
	GlobalSection(ProjectConfigurationPlatforms) = postSolution
		{329AE79F-0E31-49AF-AEED-B812AC9EB99B}.Debug|Any CPU.ActiveCfg = Debug|Any CPU
		{329AE79F-0E31-49AF-AEED-B812AC9EB99B}.Debug|Any CPU.Build.0 = Debug|Any CPU
		{329AE79F-0E31-49AF-AEED-B812AC9EB99B}.Release|Any CPU.ActiveCfg = Release|Any CPU
		{329AE79F-0E31-49AF-AEED-B812AC9EB99B}.Release|Any CPU.Build.0 = Release|Any CPU
		{8C8963A0-6D12-4720-9C0E-71B840436A77}.Debug|Any CPU.ActiveCfg = Debug|Any CPU
		{8C8963A0-6D12-4720-9C0E-71B840436A77}.Debug|Any CPU.Build.0 = Debug|Any CPU
		{8C8963A0-6D12-4720-9C0E-71B840436A77}.Release|Any CPU.ActiveCfg = Release|Any CPU
		{8C8963A0-6D12-4720-9C0E-71B840436A77}.Release|Any CPU.Build.0 = Release|Any CPU
		{CBAFDED0-22B1-4ED3-92CB-9F2A380D635E}.Debug|Any CPU.ActiveCfg = Debug|Any CPU
		{CBAFDED0-22B1-4ED3-92CB-9F2A380D635E}.Debug|Any CPU.Build.0 = Debug|Any CPU
		{CBAFDED0-22B1-4ED3-92CB-9F2A380D635E}.Release|Any CPU.ActiveCfg = Release|Any CPU
		{CBAFDED0-22B1-4ED3-92CB-9F2A380D635E}.Release|Any CPU.Build.0 = Release|Any CPU
		{6242F210-C8D6-45F7-A7AC-9E46FA6A9B09}.Debug|Any CPU.ActiveCfg = Debug|Any CPU
		{6242F210-C8D6-45F7-A7AC-9E46FA6A9B09}.Debug|Any CPU.Build.0 = Debug|Any CPU
		{6242F210-C8D6-45F7-A7AC-9E46FA6A9B09}.Release|Any CPU.ActiveCfg = Release|Any CPU
		{6242F210-C8D6-45F7-A7AC-9E46FA6A9B09}.Release|Any CPU.Build.0 = Release|Any CPU
		{C39CEF61-9F0B-4D29-8C82-1AD4DA8DB14E}.Debug|Any CPU.ActiveCfg = Debug|Any CPU
		{C39CEF61-9F0B-4D29-8C82-1AD4DA8DB14E}.Debug|Any CPU.Build.0 = Debug|Any CPU
		{C39CEF61-9F0B-4D29-8C82-1AD4DA8DB14E}.Release|Any CPU.ActiveCfg = Release|Any CPU
		{C39CEF61-9F0B-4D29-8C82-1AD4DA8DB14E}.Release|Any CPU.Build.0 = Release|Any CPU
		{6D46C58F-AE34-4555-AE55-4EDD44CF6A82}.Debug|Any CPU.ActiveCfg = Debug|Any CPU
		{6D46C58F-AE34-4555-AE55-4EDD44CF6A82}.Debug|Any CPU.Build.0 = Debug|Any CPU
		{6D46C58F-AE34-4555-AE55-4EDD44CF6A82}.Release|Any CPU.ActiveCfg = Release|Any CPU
		{6D46C58F-AE34-4555-AE55-4EDD44CF6A82}.Release|Any CPU.Build.0 = Release|Any CPU
		{82FB7F93-847A-490D-AA47-3A94F51776FB}.Debug|Any CPU.ActiveCfg = Debug|Any CPU
		{82FB7F93-847A-490D-AA47-3A94F51776FB}.Debug|Any CPU.Build.0 = Debug|Any CPU
		{82FB7F93-847A-490D-AA47-3A94F51776FB}.Release|Any CPU.ActiveCfg = Release|Any CPU
		{82FB7F93-847A-490D-AA47-3A94F51776FB}.Release|Any CPU.Build.0 = Release|Any CPU
		{BD720BCA-A2A6-4CBD-A7FA-153D0843AFA6}.Debug|Any CPU.ActiveCfg = Debug|Any CPU
		{BD720BCA-A2A6-4CBD-A7FA-153D0843AFA6}.Debug|Any CPU.Build.0 = Debug|Any CPU
		{BD720BCA-A2A6-4CBD-A7FA-153D0843AFA6}.Release|Any CPU.ActiveCfg = Release|Any CPU
		{BD720BCA-A2A6-4CBD-A7FA-153D0843AFA6}.Release|Any CPU.Build.0 = Release|Any CPU
		{70D8FB09-79AB-46E3-8B3C-D2034286BB80}.Debug|Any CPU.ActiveCfg = Debug|Any CPU
		{70D8FB09-79AB-46E3-8B3C-D2034286BB80}.Debug|Any CPU.Build.0 = Debug|Any CPU
		{70D8FB09-79AB-46E3-8B3C-D2034286BB80}.Release|Any CPU.ActiveCfg = Release|Any CPU
		{70D8FB09-79AB-46E3-8B3C-D2034286BB80}.Release|Any CPU.Build.0 = Release|Any CPU
	EndGlobalSection
	GlobalSection(SolutionProperties) = preSolution
		HideSolutionNode = FALSE
	EndGlobalSection
	GlobalSection(ExtensibilityGlobals) = postSolution
		SolutionGuid = {0F8C0201-1D5C-4CF8-A5E9-2CD86137BA1D}
	EndGlobalSection
EndGlobal
